
Microsoft Visual Studio Solution File, Format Version 12.00
# Visual Studio 15
Project("{FAE04EC0-301F-11D3-BF4B-00C04F79EFBC}") = "AndroidListViews", "AndroidListViews.csproj", "{3CB6C3E1-6BD1-48DA-8082-27B90F804C4C}"
EndProject
Global
	GlobalSection(SolutionConfigurationPlatforms) = preSolution
		Debug|Any CPU = Debug|Any CPU
		Release|Any CPU = Release|Any CPU
	EndGlobalSection
	GlobalSection(ProjectConfigurationPlatforms) = postSolution
		{3CB6C3E1-6BD1-48DA-8082-27B90F804C4C}.Debug|Any CPU.ActiveCfg = Debug|Any CPU
		{3CB6C3E1-6BD1-48DA-8082-27B90F804C4C}.Debug|Any CPU.Build.0 = Debug|Any CPU
		{3CB6C3E1-6BD1-48DA-8082-27B90F804C4C}.Release|Any CPU.ActiveCfg = Release|Any CPU
		{3CB6C3E1-6BD1-48DA-8082-27B90F804C4C}.Release|Any CPU.Build.0 = Release|Any CPU
	EndGlobalSection
EndGlobal
